// !$*UTF8*$!
{
	archiveVersion = 1;
	classes = {
	};
	objectVersion = 50;
	objects = {

/* Begin PBXBuildFile section */
		7A3123D3246F4701001B1C82 /* AppDelegate.swift in Sources */ = {isa = PBXBuildFile; fileRef = 7A3123D2246F4701001B1C82 /* AppDelegate.swift */; };
		7A3123D5246F4701001B1C82 /* SceneDelegate.swift in Sources */ = {isa = PBXBuildFile; fileRef = 7A3123D4246F4701001B1C82 /* SceneDelegate.swift */; };
		7A3123D7246F4701001B1C82 /* ContentView.swift in Sources */ = {isa = PBXBuildFile; fileRef = 7A3123D6246F4701001B1C82 /* ContentView.swift */; };
		7A3123D9246F4725001B1C82 /* Assets.xcassets in Resources */ = {isa = PBXBuildFile; fileRef = 7A3123D8246F4725001B1C82 /* Assets.xcassets */; };
		7A3123DC246F4725001B1C82 /* Preview Assets.xcassets in Resources */ = {isa = PBXBuildFile; fileRef = 7A3123DB246F4725001B1C82 /* Preview Assets.xcassets */; };
		7A3123DF246F4725001B1C82 /* LaunchScreen.storyboard in Resources */ = {isa = PBXBuildFile; fileRef = 7A3123DD246F4725001B1C82 /* LaunchScreen.storyboard */; };
		7A3123EA246F4727001B1C82 /* CrosswordPuzzleTests.swift in Sources */ = {isa = PBXBuildFile; fileRef = 7A3123E9246F4727001B1C82 /* CrosswordPuzzleTests.swift */; };
		7A3123F5246F4727001B1C82 /* CrosswordPuzzleUITests.swift in Sources */ = {isa = PBXBuildFile; fileRef = 7A3123F4246F4727001B1C82 /* CrosswordPuzzleUITests.swift */; };
/* End PBXBuildFile section */

/* Begin PBXContainerItemProxy section */
		7A3123E6246F4727001B1C82 /* PBXContainerItemProxy */ = {
			isa = PBXContainerItemProxy;
			containerPortal = 7A3123C7246F4701001B1C82 /* Project object */;
			proxyType = 1;
			remoteGlobalIDString = 7A3123CE246F4701001B1C82;
			remoteInfo = CrosswordPuzzle;
		};
		7A3123F1246F4727001B1C82 /* PBXContainerItemProxy */ = {
			isa = PBXContainerItemProxy;
			containerPortal = 7A3123C7246F4701001B1C82 /* Project object */;
			proxyType = 1;
			remoteGlobalIDString = 7A3123CE246F4701001B1C82;
			remoteInfo = CrosswordPuzzle;
		};
/* End PBXContainerItemProxy section */

/* Begin PBXFileReference section */
		7A3123CF246F4701001B1C82 /* CrosswordPuzzle.app */ = {isa = PBXFileReference; explicitFileType = wrapper.application; includeInIndex = 0; path = CrosswordPuzzle.app; sourceTree = BUILT_PRODUCTS_DIR; };
		7A3123D2246F4701001B1C82 /* AppDelegate.swift */ = {isa = PBXFileReference; lastKnownFileType = sourcecode.swift; path = AppDelegate.swift; sourceTree = "<group>"; };
		7A3123D4246F4701001B1C82 /* SceneDelegate.swift */ = {isa = PBXFileReference; lastKnownFileType = sourcecode.swift; path = SceneDelegate.swift; sourceTree = "<group>"; };
		7A3123D6246F4701001B1C82 /* ContentView.swift */ = {isa = PBXFileReference; lastKnownFileType = sourcecode.swift; path = ContentView.swift; sourceTree = "<group>"; };
		7A3123D8246F4725001B1C82 /* Assets.xcassets */ = {isa = PBXFileReference; lastKnownFileType = folder.assetcatalog; path = Assets.xcassets; sourceTree = "<group>"; };
		7A3123DB246F4725001B1C82 /* Preview Assets.xcassets */ = {isa = PBXFileReference; lastKnownFileType = folder.assetcatalog; path = "Preview Assets.xcassets"; sourceTree = "<group>"; };
		7A3123DE246F4725001B1C82 /* Base */ = {isa = PBXFileReference; lastKnownFileType = file.storyboard; name = Base; path = Base.lproj/LaunchScreen.storyboard; sourceTree = "<group>"; };
		7A3123E0246F4725001B1C82 /* Info.plist */ = {isa = PBXFileReference; lastKnownFileType = text.plist.xml; path = Info.plist; sourceTree = "<group>"; };
		7A3123E5246F4727001B1C82 /* CrosswordPuzzleTests.xctest */ = {isa = PBXFileReference; explicitFileType = wrapper.cfbundle; includeInIndex = 0; path = CrosswordPuzzleTests.xctest; sourceTree = BUILT_PRODUCTS_DIR; };
		7A3123E9246F4727001B1C82 /* CrosswordPuzzleTests.swift */ = {isa = PBXFileReference; lastKnownFileType = sourcecode.swift; path = CrosswordPuzzleTests.swift; sourceTree = "<group>"; };
		7A3123EB246F4727001B1C82 /* Info.plist */ = {isa = PBXFileReference; lastKnownFileType = text.plist.xml; path = Info.plist; sourceTree = "<group>"; };
		7A3123F0246F4727001B1C82 /* CrosswordPuzzleUITests.xctest */ = {isa = PBXFileReference; explicitFileType = wrapper.cfbundle; includeInIndex = 0; path = CrosswordPuzzleUITests.xctest; sourceTree = BUILT_PRODUCTS_DIR; };
		7A3123F4246F4727001B1C82 /* CrosswordPuzzleUITests.swift */ = {isa = PBXFileReference; lastKnownFileType = sourcecode.swift; path = CrosswordPuzzleUITests.swift; sourceTree = "<group>"; };
		7A3123F6246F4727001B1C82 /* Info.plist */ = {isa = PBXFileReference; lastKnownFileType = text.plist.xml; path = Info.plist; sourceTree = "<group>"; };
/* End PBXFileReference section */

/* Begin PBXFrameworksBuildPhase section */
		7A3123CC246F4701001B1C82 /* Frameworks */ = {
			isa = PBXFrameworksBuildPhase;
			buildActionMask = 2147483647;
			files = (
			);
			runOnlyForDeploymentPostprocessing = 0;
		};
		7A3123E2246F4727001B1C82 /* Frameworks */ = {
			isa = PBXFrameworksBuildPhase;
			buildActionMask = 2147483647;
			files = (
			);
			runOnlyForDeploymentPostprocessing = 0;
		};
		7A3123ED246F4727001B1C82 /* Frameworks */ = {
			isa = PBXFrameworksBuildPhase;
			buildActionMask = 2147483647;
			files = (
			);
			runOnlyForDeploymentPostprocessing = 0;
		};
/* End PBXFrameworksBuildPhase section */

/* Begin PBXGroup section */
		7A3123C6246F4701001B1C82 = {
			isa = PBXGroup;
			children = (
				7A3123D1246F4701001B1C82 /* CrosswordPuzzle */,
				7A3123E8246F4727001B1C82 /* CrosswordPuzzleTests */,
				7A3123F3246F4727001B1C82 /* CrosswordPuzzleUITests */,
				7A3123D0246F4701001B1C82 /* Products */,
			);
			sourceTree = "<group>";
		};
		7A3123D0246F4701001B1C82 /* Products */ = {
			isa = PBXGroup;
			children = (
				7A3123CF246F4701001B1C82 /* CrosswordPuzzle.app */,
				7A3123E5246F4727001B1C82 /* CrosswordPuzzleTests.xctest */,
				7A3123F0246F4727001B1C82 /* CrosswordPuzzleUITests.xctest */,
			);
			name = Products;
			sourceTree = "<group>";
		};
		7A3123D1246F4701001B1C82 /* CrosswordPuzzle */ = {
			isa = PBXGroup;
			children = (
				7A3123D2246F4701001B1C82 /* AppDelegate.swift */,
				7A3123D4246F4701001B1C82 /* SceneDelegate.swift */,
				7A3123D6246F4701001B1C82 /* ContentView.swift */,
				7A3123D8246F4725001B1C82 /* Assets.xcassets */,
				7A3123DD246F4725001B1C82 /* LaunchScreen.storyboard */,
				7A3123E0246F4725001B1C82 /* Info.plist */,
				7A3123DA246F4725001B1C82 /* Preview Content */,
			);
			path = CrosswordPuzzle;
			sourceTree = "<group>";
		};
		7A3123DA246F4725001B1C82 /* Preview Content */ = {
			isa = PBXGroup;
			children = (
				7A3123DB246F4725001B1C82 /* Preview Assets.xcassets */,
			);
			path = "Preview Content";
			sourceTree = "<group>";
		};
		7A3123E8246F4727001B1C82 /* CrosswordPuzzleTests */ = {
			isa = PBXGroup;
			children = (
				7A3123E9246F4727001B1C82 /* CrosswordPuzzleTests.swift */,
				7A3123EB246F4727001B1C82 /* Info.plist */,
			);
			path = CrosswordPuzzleTests;
			sourceTree = "<group>";
		};
		7A3123F3246F4727001B1C82 /* CrosswordPuzzleUITests */ = {
			isa = PBXGroup;
			children = (
				7A3123F4246F4727001B1C82 /* CrosswordPuzzleUITests.swift */,
				7A3123F6246F4727001B1C82 /* Info.plist */,
			);
			path = CrosswordPuzzleUITests;
			sourceTree = "<group>";
		};
/* End PBXGroup section */

/* Begin PBXNativeTarget section */
		7A3123CE246F4701001B1C82 /* CrosswordPuzzle */ = {
			isa = PBXNativeTarget;
			buildConfigurationList = 7A3123F9246F4727001B1C82 /* Build configuration list for PBXNativeTarget "CrosswordPuzzle" */;
			buildPhases = (
				7A3123CB246F4701001B1C82 /* Sources */,
				7A3123CC246F4701001B1C82 /* Frameworks */,
				7A3123CD246F4701001B1C82 /* Resources */,
			);
			buildRules = (
			);
			dependencies = (
			);
			name = CrosswordPuzzle;
			productName = CrosswordPuzzle;
			productReference = 7A3123CF246F4701001B1C82 /* CrosswordPuzzle.app */;
			productType = "com.apple.product-type.application";
		};
		7A3123E4246F4727001B1C82 /* CrosswordPuzzleTests */ = {
			isa = PBXNativeTarget;
			buildConfigurationList = 7A3123FC246F4727001B1C82 /* Build configuration list for PBXNativeTarget "CrosswordPuzzleTests" */;
			buildPhases = (
				7A3123E1246F4727001B1C82 /* Sources */,
				7A3123E2246F4727001B1C82 /* Frameworks */,
				7A3123E3246F4727001B1C82 /* Resources */,
			);
			buildRules = (
			);
			dependencies = (
				7A3123E7246F4727001B1C82 /* PBXTargetDependency */,
			);
			name = CrosswordPuzzleTests;
			productName = CrosswordPuzzleTests;
			productReference = 7A3123E5246F4727001B1C82 /* CrosswordPuzzleTests.xctest */;
			productType = "com.apple.product-type.bundle.unit-test";
		};
		7A3123EF246F4727001B1C82 /* CrosswordPuzzleUITests */ = {
			isa = PBXNativeTarget;
			buildConfigurationList = 7A3123FF246F4727001B1C82 /* Build configuration list for PBXNativeTarget "CrosswordPuzzleUITests" */;
			buildPhases = (
				7A3123EC246F4727001B1C82 /* Sources */,
				7A3123ED246F4727001B1C82 /* Frameworks */,
				7A3123EE246F4727001B1C82 /* Resources */,
			);
			buildRules = (
			);
			dependencies = (
				7A3123F2246F4727001B1C82 /* PBXTargetDependency */,
			);
			name = CrosswordPuzzleUITests;
			productName = CrosswordPuzzleUITests;
			productReference = 7A3123F0246F4727001B1C82 /* CrosswordPuzzleUITests.xctest */;
			productType = "com.apple.product-type.bundle.ui-testing";
		};
/* End PBXNativeTarget section */

/* Begin PBXProject section */
		7A3123C7246F4701001B1C82 /* Project object */ = {
			isa = PBXProject;
			attributes = {
				LastSwiftUpdateCheck = 1130;
				LastUpgradeCheck = 1130;
				ORGANIZATIONNAME = "Aiden Hadisi";
				TargetAttributes = {
					7A3123CE246F4701001B1C82 = {
						CreatedOnToolsVersion = 11.3.1;
					};
					7A3123E4246F4727001B1C82 = {
						CreatedOnToolsVersion = 11.3.1;
						TestTargetID = 7A3123CE246F4701001B1C82;
					};
					7A3123EF246F4727001B1C82 = {
						CreatedOnToolsVersion = 11.3.1;
						TestTargetID = 7A3123CE246F4701001B1C82;
					};
				};
			};
			buildConfigurationList = 7A3123CA246F4701001B1C82 /* Build configuration list for PBXProject "CrosswordPuzzle" */;
			compatibilityVersion = "Xcode 9.3";
			developmentRegion = en;
			hasScannedForEncodings = 0;
			knownRegions = (
				en,
				Base,
			);
			mainGroup = 7A3123C6246F4701001B1C82;
			productRefGroup = 7A3123D0246F4701001B1C82 /* Products */;
			projectDirPath = "";
			projectRoot = "";
			targets = (
				7A3123CE246F4701001B1C82 /* CrosswordPuzzle */,
				7A3123E4246F4727001B1C82 /* CrosswordPuzzleTests */,
				7A3123EF246F4727001B1C82 /* CrosswordPuzzleUITests */,
			);
		};
/* End PBXProject section */

/* Begin PBXResourcesBuildPhase section */
		7A3123CD246F4701001B1C82 /* Resources */ = {
			isa = PBXResourcesBuildPhase;
			buildActionMask = 2147483647;
			files = (
				7A3123DF246F4725001B1C82 /* LaunchScreen.storyboard in Resources */,
				7A3123DC246F4725001B1C82 /* Preview Assets.xcassets in Resources */,
				7A3123D9246F4725001B1C82 /* Assets.xcassets in Resources */,
			);
			runOnlyForDeploymentPostprocessing = 0;
		};
		7A3123E3246F4727001B1C82 /* Resources */ = {
			isa = PBXResourcesBuildPhase;
			buildActionMask = 2147483647;
			files = (
			);
			runOnlyForDeploymentPostprocessing = 0;
		};
		7A3123EE246F4727001B1C82 /* Resources */ = {
			isa = PBXResourcesBuildPhase;
			buildActionMask = 2147483647;
			files = (
			);
			runOnlyForDeploymentPostprocessing = 0;
		};
/* End PBXResourcesBuildPhase section */

/* Begin PBXSourcesBuildPhase section */
		7A3123CB246F4701001B1C82 /* Sources */ = {
			isa = PBXSourcesBuildPhase;
			buildActionMask = 2147483647;
			files = (
				7A3123D3246F4701001B1C82 /* AppDelegate.swift in Sources */,
				7A3123D5246F4701001B1C82 /* SceneDelegate.swift in Sources */,
				7A3123D7246F4701001B1C82 /* ContentView.swift in Sources */,
			);
			runOnlyForDeploymentPostprocessing = 0;
		};
		7A3123E1246F4727001B1C82 /* Sources */ = {
			isa = PBXSourcesBuildPhase;
			buildActionMask = 2147483647;
			files = (
				7A3123EA246F4727001B1C82 /* CrosswordPuzzleTests.swift in Sources */,
			);
			runOnlyForDeploymentPostprocessing = 0;
		};
		7A3123EC246F4727001B1C82 /* Sources */ = {
			isa = PBXSourcesBuildPhase;
			buildActionMask = 2147483647;
			files = (
				7A3123F5246F4727001B1C82 /* CrosswordPuzzleUITests.swift in Sources */,
			);
			runOnlyForDeploymentPostprocessing = 0;
		};
/* End PBXSourcesBuildPhase section */

/* Begin PBXTargetDependency section */
		7A3123E7246F4727001B1C82 /* PBXTargetDependency */ = {
			isa = PBXTargetDependency;
			target = 7A3123CE246F4701001B1C82 /* CrosswordPuzzle */;
			targetProxy = 7A3123E6246F4727001B1C82 /* PBXContainerItemProxy */;
		};
		7A3123F2246F4727001B1C82 /* PBXTargetDependency */ = {
			isa = PBXTargetDependency;
			target = 7A3123CE246F4701001B1C82 /* CrosswordPuzzle */;
			targetProxy = 7A3123F1246F4727001B1C82 /* PBXContainerItemProxy */;
		};
/* End PBXTargetDependency section */

/* Begin PBXVariantGroup section */
		7A3123DD246F4725001B1C82 /* LaunchScreen.storyboard */ = {
			isa = PBXVariantGroup;
			children = (
				7A3123DE246F4725001B1C82 /* Base */,
			);
			name = LaunchScreen.storyboard;
			sourceTree = "<group>";
		};
/* End PBXVariantGroup section */

/* Begin XCBuildConfiguration section */
		7A3123F7246F4727001B1C82 /* Debug */ = {
			isa = XCBuildConfiguration;
			buildSettings = {
				ALWAYS_SEARCH_USER_PATHS = NO;
				CLANG_ANALYZER_NONNULL = YES;
				CLANG_ANALYZER_NUMBER_OBJECT_CONVERSION = YES_AGGRESSIVE;
				CLANG_CXX_LANGUAGE_STANDARD = "gnu++14";
				CLANG_CXX_LIBRARY = "libc++";
				CLANG_ENABLE_MODULES = YES;
				CLANG_ENABLE_OBJC_ARC = YES;
				CLANG_ENABLE_OBJC_WEAK = YES;
				CLANG_WARN_BLOCK_CAPTURE_AUTORELEASING = YES;
				CLANG_WARN_BOOL_CONVERSION = YES;
				CLANG_WARN_COMMA = YES;
				CLANG_WARN_CONSTANT_CONVERSION = YES;
				CLANG_WARN_DEPRECATED_OBJC_IMPLEMENTATIONS = YES;
				CLANG_WARN_DIRECT_OBJC_ISA_USAGE = YES_ERROR;
				CLANG_WARN_DOCUMENTATION_COMMENTS = YES;
				CLANG_WARN_EMPTY_BODY = YES;
				CLANG_WARN_ENUM_CONVERSION = YES;
				CLANG_WARN_INFINITE_RECURSION = YES;
				CLANG_WARN_INT_CONVERSION = YES;
				CLANG_WARN_NON_LITERAL_NULL_CONVERSION = YES;
				CLANG_WARN_OBJC_IMPLICIT_RETAIN_SELF = YES;
				CLANG_WARN_OBJC_LITERAL_CONVERSION = YES;
				CLANG_WARN_OBJC_ROOT_CLASS = YES_ERROR;
				CLANG_WARN_RANGE_LOOP_ANALYSIS = YES;
				CLANG_WARN_STRICT_PROTOTYPES = YES;
				CLANG_WARN_SUSPICIOUS_MOVE = YES;
				CLANG_WARN_UNGUARDED_AVAILABILITY = YES_AGGRESSIVE;
				CLANG_WARN_UNREACHABLE_CODE = YES;
				CLANG_WARN__DUPLICATE_METHOD_MATCH = YES;
				COPY_PHASE_STRIP = NO;
				DEBUG_INFORMATION_FORMAT = dwarf;
				ENABLE_STRICT_OBJC_MSGSEND = YES;
				ENABLE_TESTABILITY = YES;
				GCC_C_LANGUAGE_STANDARD = gnu11;
				GCC_DYNAMIC_NO_PIC = NO;
				GCC_NO_COMMON_BLOCKS = YES;
				GCC_OPTIMIZATION_LEVEL = 0;
				GCC_PREPROCESSOR_DEFINITIONS = (
					"DEBUG=1",
					"$(inherited)",
				);
				GCC_WARN_64_TO_32_BIT_CONVERSION = YES;
				GCC_WARN_ABOUT_RETURN_TYPE = YES_ERROR;
				GCC_WARN_UNDECLARED_SELECTOR = YES;
				GCC_WARN_UNINITIALIZED_AUTOS = YES_AGGRESSIVE;
				GCC_WARN_UNUSED_FUNCTION = YES;
				GCC_WARN_UNUSED_VARIABLE = YES;
				IPHONEOS_DEPLOYMENT_TARGET = 13.2;
				MTL_ENABLE_DEBUG_INFO = INCLUDE_SOURCE;
				MTL_FAST_MATH = YES;
				ONLY_ACTIVE_ARCH = YES;
				SDKROOT = iphoneos;
				SWIFT_ACTIVE_COMPILATION_CONDITIONS = DEBUG;
				SWIFT_OPTIMIZATION_LEVEL = "-Onone";
			};
			name = Debug;
		};
		7A3123F8246F4727001B1C82 /* Release */ = {
			isa = XCBuildConfiguration;
			buildSettings = {
				ALWAYS_SEARCH_USER_PATHS = NO;
				CLANG_ANALYZER_NONNULL = YES;
				CLANG_ANALYZER_NUMBER_OBJECT_CONVERSION = YES_AGGRESSIVE;
				CLANG_CXX_LANGUAGE_STANDARD = "gnu++14";
				CLANG_CXX_LIBRARY = "libc++";
				CLANG_ENABLE_MODULES = YES;
				CLANG_ENABLE_OBJC_ARC = YES;
				CLANG_ENABLE_OBJC_WEAK = YES;
				CLANG_WARN_BLOCK_CAPTURE_AUTORELEASING = YES;
				CLANG_WARN_BOOL_CONVERSION = YES;
				CLANG_WARN_COMMA = YES;
				CLANG_WARN_CONSTANT_CONVERSION = YES;
				CLANG_WARN_DEPRECATED_OBJC_IMPLEMENTATIONS = YES;
				CLANG_WARN_DIRECT_OBJC_ISA_USAGE = YES_ERROR;
				CLANG_WARN_DOCUMENTATION_COMMENTS = YES;
				CLANG_WARN_EMPTY_BODY = YES;
				CLANG_WARN_ENUM_CONVERSION = YES;
				CLANG_WARN_INFINITE_RECURSION = YES;
				CLANG_WARN_INT_CONVERSION = YES;
				CLANG_WARN_NON_LITERAL_NULL_CONVERSION = YES;
				CLANG_WARN_OBJC_IMPLICIT_RETAIN_SELF = YES;
				CLANG_WARN_OBJC_LITERAL_CONVERSION = YES;
				CLANG_WARN_OBJC_ROOT_CLASS = YES_ERROR;
				CLANG_WARN_RANGE_LOOP_ANALYSIS = YES;
				CLANG_WARN_STRICT_PROTOTYPES = YES;
				CLANG_WARN_SUSPICIOUS_MOVE = YES;
				CLANG_WARN_UNGUARDED_AVAILABILITY = YES_AGGRESSIVE;
				CLANG_WARN_UNREACHABLE_CODE = YES;
				CLANG_WARN__DUPLICATE_METHOD_MATCH = YES;
				COPY_PHASE_STRIP = NO;
				DEBUG_INFORMATION_FORMAT = "dwarf-with-dsym";
				ENABLE_NS_ASSERTIONS = NO;
				ENABLE_STRICT_OBJC_MSGSEND = YES;
				GCC_C_LANGUAGE_STANDARD = gnu11;
				GCC_NO_COMMON_BLOCKS = YES;
				GCC_WARN_64_TO_32_BIT_CONVERSION = YES;
				GCC_WARN_ABOUT_RETURN_TYPE = YES_ERROR;
				GCC_WARN_UNDECLARED_SELECTOR = YES;
				GCC_WARN_UNINITIALIZED_AUTOS = YES_AGGRESSIVE;
				GCC_WARN_UNUSED_FUNCTION = YES;
				GCC_WARN_UNUSED_VARIABLE = YES;
				IPHONEOS_DEPLOYMENT_TARGET = 13.2;
				MTL_ENABLE_DEBUG_INFO = NO;
				MTL_FAST_MATH = YES;
				SDKROOT = iphoneos;
				SWIFT_COMPILATION_MODE = wholemodule;
				SWIFT_OPTIMIZATION_LEVEL = "-O";
				VALIDATE_PRODUCT = YES;
			};
			name = Release;
		};
		7A3123FA246F4727001B1C82 /* Debug */ = {
			isa = XCBuildConfiguration;
			buildSettings = {
				ASSETCATALOG_COMPILER_APPICON_NAME = AppIcon;
				CODE_SIGN_STYLE = Automatic;
				DEVELOPMENT_ASSET_PATHS = "\"CrosswordPuzzle/Preview Content\"";
				ENABLE_PREVIEWS = YES;
				INFOPLIST_FILE = CrosswordPuzzle/Info.plist;
				LD_RUNPATH_SEARCH_PATHS = (
					"$(inherited)",
					"@executable_path/Frameworks",
				);
				PRODUCT_BUNDLE_IDENTIFIER = com.ahadisi.CrosswordPuzzle;
				PRODUCT_NAME = "$(TARGET_NAME)";
				SWIFT_VERSION = 5.0;
				TARGETED_DEVICE_FAMILY = "1,2";
			};
			name = Debug;
		};
		7A3123FB246F4727001B1C82 /* Release */ = {
			isa = XCBuildConfiguration;
			buildSettings = {
				ASSETCATALOG_COMPILER_APPICON_NAME = AppIcon;
				CODE_SIGN_STYLE = Automatic;
				DEVELOPMENT_ASSET_PATHS = "\"CrosswordPuzzle/Preview Content\"";
				ENABLE_PREVIEWS = YES;
				INFOPLIST_FILE = CrosswordPuzzle/Info.plist;
				LD_RUNPATH_SEARCH_PATHS = (
					"$(inherited)",
					"@executable_path/Frameworks",
				);
				PRODUCT_BUNDLE_IDENTIFIER = com.ahadisi.CrosswordPuzzle;
				PRODUCT_NAME = "$(TARGET_NAME)";
				SWIFT_VERSION = 5.0;
				TARGETED_DEVICE_FAMILY = "1,2";
			};
			name = Release;
		};
		7A3123FD246F4727001B1C82 /* Debug */ = {
			isa = XCBuildConfiguration;
			buildSettings = {
				ALWAYS_EMBED_SWIFT_STANDARD_LIBRARIES = YES;
				BUNDLE_LOADER = "$(TEST_HOST)";
				CODE_SIGN_STYLE = Automatic;
				INFOPLIST_FILE = CrosswordPuzzleTests/Info.plist;
				IPHONEOS_DEPLOYMENT_TARGET = 13.2;
				LD_RUNPATH_SEARCH_PATHS = (
					"$(inherited)",
					"@executable_path/Frameworks",
					"@loader_path/Frameworks",
				);
				PRODUCT_BUNDLE_IDENTIFIER = com.ahadisi.CrosswordPuzzleTests;
				PRODUCT_NAME = "$(TARGET_NAME)";
				SWIFT_VERSION = 5.0;
				TARGETED_DEVICE_FAMILY = "1,2";
				TEST_HOST = "$(BUILT_PRODUCTS_DIR)/CrosswordPuzzle.app/CrosswordPuzzle";
			};
			name = Debug;
		};
		7A3123FE246F4727001B1C82 /* Release */ = {
			isa = XCBuildConfiguration;
			buildSettings = {
				ALWAYS_EMBED_SWIFT_STANDARD_LIBRARIES = YES;
				BUNDLE_LOADER = "$(TEST_HOST)";
				CODE_SIGN_STYLE = Automatic;
				INFOPLIST_FILE = CrosswordPuzzleTests/Info.plist;
				IPHONEOS_DEPLOYMENT_TARGET = 13.2;
				LD_RUNPATH_SEARCH_PATHS = (
					"$(inherited)",
					"@executable_path/Frameworks",
					"@loader_path/Frameworks",
				);
				PRODUCT_BUNDLE_IDENTIFIER = com.ahadisi.CrosswordPuzzleTests;
				PRODUCT_NAME = "$(TARGET_NAME)";
				SWIFT_VERSION = 5.0;
				TARGETED_DEVICE_FAMILY = "1,2";
				TEST_HOST = "$(BUILT_PRODUCTS_DIR)/CrosswordPuzzle.app/CrosswordPuzzle";
			};
			name = Release;
		};
		7A312400246F4727001B1C82 /* Debug */ = {
			isa = XCBuildConfiguration;
			buildSettings = {
				ALWAYS_EMBED_SWIFT_STANDARD_LIBRARIES = YES;
				CODE_SIGN_STYLE = Automatic;
				INFOPLIST_FILE = CrosswordPuzzleUITests/Info.plist;
				LD_RUNPATH_SEARCH_PATHS = (
					"$(inherited)",
					"@executable_path/Frameworks",
					"@loader_path/Frameworks",
				);
				PRODUCT_BUNDLE_IDENTIFIER = com.ahadisi.CrosswordPuzzleUITests;
				PRODUCT_NAME = "$(TARGET_NAME)";
				SWIFT_VERSION = 5.0;
				TARGETED_DEVICE_FAMILY = "1,2";
				TEST_TARGET_NAME = CrosswordPuzzle;
			};
			name = Debug;
		};
		7A312401246F4727001B1C82 /* Release */ = {
			isa = XCBuildConfiguration;
			buildSettings = {
				ALWAYS_EMBED_SWIFT_STANDARD_LIBRARIES = YES;
				CODE_SIGN_STYLE = Automatic;
				INFOPLIST_FILE = CrosswordPuzzleUITests/Info.plist;
				LD_RUNPATH_SEARCH_PATHS = (
					"$(inherited)",
					"@executable_path/Frameworks",
					"@loader_path/Frameworks",
				);
				PRODUCT_BUNDLE_IDENTIFIER = com.ahadisi.CrosswordPuzzleUITests;
				PRODUCT_NAME = "$(TARGET_NAME)";
				SWIFT_VERSION = 5.0;
				TARGETED_DEVICE_FAMILY = "1,2";
				TEST_TARGET_NAME = CrosswordPuzzle;
			};
			name = Release;
		};
/* End XCBuildConfiguration section */

/* Begin XCConfigurationList section */
		7A3123CA246F4701001B1C82 /* Build configuration list for PBXProject "CrosswordPuzzle" */ = {
			isa = XCConfigurationList;
			buildConfigurations = (
				7A3123F7246F4727001B1C82 /* Debug */,
				7A3123F8246F4727001B1C82 /* Release */,
			);
			defaultConfigurationIsVisible = 0;
			defaultConfigurationName = Release;
		};
		7A3123F9246F4727001B1C82 /* Build configuration list for PBXNativeTarget "CrosswordPuzzle" */ = {
			isa = XCConfigurationList;
			buildConfigurations = (
				7A3123FA246F4727001B1C82 /* Debug */,
				7A3123FB246F4727001B1C82 /* Release */,
			);
			defaultConfigurationIsVisible = 0;
			defaultConfigurationName = Release;
		};
		7A3123FC246F4727001B1C82 /* Build configuration list for PBXNativeTarget "CrosswordPuzzleTests" */ = {
			isa = XCConfigurationList;
			buildConfigurations = (
				7A3123FD246F4727001B1C82 /* Debug */,
				7A3123FE246F4727001B1C82 /* Release */,
			);
			defaultConfigurationIsVisible = 0;
			defaultConfigurationName = Release;
		};
		7A3123FF246F4727001B1C82 /* Build configuration list for PBXNativeTarget "CrosswordPuzzleUITests" */ = {
			isa = XCConfigurationList;
			buildConfigurations = (
				7A312400246F4727001B1C82 /* Debug */,
				7A312401246F4727001B1C82 /* Release */,
			);
			defaultConfigurationIsVisible = 0;
			defaultConfigurationName = Release;
		};
/* End XCConfigurationList section */
	};
	rootObject = 7A3123C7246F4701001B1C82 /* Project object */;
}
